
Microsoft Visual Studio Solution File, Format Version 12.00
# Visual Studio Version 17
VisualStudioVersion = 17.0.31903.59
MinimumVisualStudioVersion = 10.0.40219.1
Project("{2150E333-8FDC-42A3-9474-1A3956D46DE8}") = "apps", "apps", "{1787FE1D-075E-9E68-7218-25F1BD1BBEAB}"
EndProject
Project("{2150E333-8FDC-42A3-9474-1A3956D46DE8}") = "backend", "backend", "{270F7A58-C097-D64B-0343-582534E94D4F}"
EndProject
Project("{FAE04EC0-301F-11D3-BF4B-00C04F79EFBC}") = "Chapi.Api", "apps\backend\Chapi.Api\Chapi.Api.csproj", "{AF89FD7D-0656-4DFB-ADEF-E8D284CF0EF8}"
EndProject
Project("{2150E333-8FDC-42A3-9474-1A3956D46DE8}") = "modules", "modules", "{CA253913-39DE-BFD0-C9A3-4B7EC6FBDF17}"
EndProject
Project("{FAE04EC0-301F-11D3-BF4B-00C04F79EFBC}") = "Project", "modules\Projects\Project.csproj", "{5A2E7F0E-4B5C-4F3E-9A2F-5E8F0F6D9C11}"
EndProject
Project("{FAE04EC0-301F-11D3-BF4B-00C04F79EFBC}") = "Environment", "modules\Environments\Environment.csproj", "{E1B2A5D4-6F5A-4F0C-A3B7-2CD3D0A4B111}"
EndProject
Project("{FAE04EC0-301F-11D3-BF4B-00C04F79EFBC}") = "Suite", "modules\Suites\Suite.csproj", "{5C4D8203-3E3A-4B5B-9E5C-8D9B3E6F12A1}"
EndProject
Project("{FAE04EC0-301F-11D3-BF4B-00C04F79EFBC}") = "Runs", "modules\Runs\Runs.csproj", "{A1B2C3D4-5E6F-4071-8899-ABCDEF123401}"
EndProject
Project("{FAE04EC0-301F-11D3-BF4B-00C04F79EFBC}") = "Artifacts", "modules\Artifacts\Artifacts.csproj", "{A1B2C3D4-5E6F-4071-8899-ABCDEF123402}"
EndProject
Project("{FAE04EC0-301F-11D3-BF4B-00C04F79EFBC}") = "Policies", "modules\Policies\Policies.csproj", "{A1B2C3D4-5E6F-4071-8899-ABCDEF123403}"
EndProject
Project("{FAE04EC0-301F-11D3-BF4B-00C04F79EFBC}") = "Integrations.GitHub", "modules\Integrations.GitHub\Integrations.GitHub.csproj", "{A1B2C3D4-5E6F-4071-8899-ABCDEF123404}"
EndProject
Project("{FAE04EC0-301F-11D3-BF4B-00C04F79EFBC}") = "Chat", "modules\Chat\Chat.csproj", "{A1B2C3D4-5E6F-4071-8899-ABCDEF123405}"
EndProject
Project("{FAE04EC0-301F-11D3-BF4B-00C04F79EFBC}") = "RunPack", "modules\RunPack\RunPack.csproj", "{A1B2C3D4-5E6F-4071-8899-ABCDEF123406}"
EndProject
Project("{FAE04EC0-301F-11D3-BF4B-00C04F79EFBC}") = "Orchestration", "modules\Orchestration\Orchestration.csproj", "{A1B2C3D4-5E6F-4071-8899-ABCDEF123407}"
EndProject
Project("{2150E333-8FDC-42A3-9474-1A3956D46DE8}") = "shipmvp", "shipmvp", "{3EEA4A63-DD7B-CA5F-6D13-0117C17D5332}"
EndProject
Project("{FAE04EC0-301F-11D3-BF4B-00C04F79EFBC}") = "ShipMvp.Api", "shipmvp\ShipMvp.Api\ShipMvp.Api.csproj", "{1BE303CB-1DBB-4ACE-93F5-FB006F95A55E}"
EndProject
Project("{FAE04EC0-301F-11D3-BF4B-00C04F79EFBC}") = "ShipMvp.Application", "shipmvp\ShipMvp.Application\ShipMvp.Application.csproj", "{66CC49EC-7747-48FA-8D54-DDECFDCC5DC0}"
EndProject
Project("{FAE04EC0-301F-11D3-BF4B-00C04F79EFBC}") = "ShipMvp.Core", "shipmvp\ShipMvp.Core\ShipMvp.Core.csproj", "{E1B30D44-8556-48A9-ADCF-8C9E0883925E}"
EndProject
Project("{FAE04EC0-301F-11D3-BF4B-00C04F79EFBC}") = "ShipMvp.Domain", "shipmvp\ShipMvp.Domain\ShipMvp.Domain.csproj", "{9DE9FE8B-92B1-4935-8FD1-D487FC5CDD16}"
EndProject
Project("{FAE04EC0-301F-11D3-BF4B-00C04F79EFBC}") = "ShipMvp.Integration.SemanticKernel", "shipmvp\ShipMvp.Integration.SemanticKernel\ShipMvp.Integration.SemanticKernel.csproj", "{A6856EBA-6E6D-4660-A401-B4E07AED1134}"
EndProject
Project("{FAE04EC0-301F-11D3-BF4B-00C04F79EFBC}") = "ShipMvp.SourceGenerators", "shipmvp\ShipMvp.SourceGenerators\ShipMvp.SourceGenerators.csproj", "{195D4AE1-90F8-4EA3-B850-3E2F2D8DCCB3}"
EndProject
Project("{FAE04EC0-301F-11D3-BF4B-00C04F79EFBC}") = "Chapi.CLI", "apps\backend\Chapi.CLI\Chapi.CLI.csproj", "{CB4CFD2A-5460-4A1D-9467-47198C35DF46}"
EndProject
Global
	GlobalSection(SolutionConfigurationPlatforms) = preSolution
		Debug|Any CPU = Debug|Any CPU
		Debug|x64 = Debug|x64
		Debug|x86 = Debug|x86
		Release|Any CPU = Release|Any CPU
		Release|x64 = Release|x64
		Release|x86 = Release|x86
	EndGlobalSection
	GlobalSection(ProjectConfigurationPlatforms) = postSolution
		{AF89FD7D-0656-4DFB-ADEF-E8D284CF0EF8}.Debug|Any CPU.ActiveCfg = Debug|Any CPU
		{AF89FD7D-0656-4DFB-ADEF-E8D284CF0EF8}.Debug|Any CPU.Build.0 = Debug|Any CPU
		{AF89FD7D-0656-4DFB-ADEF-E8D284CF0EF8}.Debug|x64.ActiveCfg = Debug|Any CPU
		{AF89FD7D-0656-4DFB-ADEF-E8D284CF0EF8}.Debug|x64.Build.0 = Debug|Any CPU
		{AF89FD7D-0656-4DFB-ADEF-E8D284CF0EF8}.Debug|x86.ActiveCfg = Debug|Any CPU
		{AF89FD7D-0656-4DFB-ADEF-E8D284CF0EF8}.Debug|x86.Build.0 = Debug|Any CPU
		{AF89FD7D-0656-4DFB-ADEF-E8D284CF0EF8}.Release|Any CPU.ActiveCfg = Release|Any CPU
		{AF89FD7D-0656-4DFB-ADEF-E8D284CF0EF8}.Release|Any CPU.Build.0 = Release|Any CPU
		{AF89FD7D-0656-4DFB-ADEF-E8D284CF0EF8}.Release|x64.ActiveCfg = Release|Any CPU
		{AF89FD7D-0656-4DFB-ADEF-E8D284CF0EF8}.Release|x64.Build.0 = Release|Any CPU
		{AF89FD7D-0656-4DFB-ADEF-E8D284CF0EF8}.Release|x86.ActiveCfg = Release|Any CPU
		{AF89FD7D-0656-4DFB-ADEF-E8D284CF0EF8}.Release|x86.Build.0 = Release|Any CPU
		{5A2E7F0E-4B5C-4F3E-9A2F-5E8F0F6D9C11}.Debug|Any CPU.ActiveCfg = Debug|Any CPU
		{5A2E7F0E-4B5C-4F3E-9A2F-5E8F0F6D9C11}.Debug|Any CPU.Build.0 = Debug|Any CPU
		{5A2E7F0E-4B5C-4F3E-9A2F-5E8F0F6D9C11}.Debug|x64.ActiveCfg = Debug|Any CPU
		{5A2E7F0E-4B5C-4F3E-9A2F-5E8F0F6D9C11}.Debug|x64.Build.0 = Debug|Any CPU
		{5A2E7F0E-4B5C-4F3E-9A2F-5E8F0F6D9C11}.Debug|x86.ActiveCfg = Debug|Any CPU
		{5A2E7F0E-4B5C-4F3E-9A2F-5E8F0F6D9C11}.Debug|x86.Build.0 = Debug|Any CPU
		{5A2E7F0E-4B5C-4F3E-9A2F-5E8F0F6D9C11}.Release|Any CPU.ActiveCfg = Release|Any CPU
		{5A2E7F0E-4B5C-4F3E-9A2F-5E8F0F6D9C11}.Release|Any CPU.Build.0 = Release|Any CPU
		{5A2E7F0E-4B5C-4F3E-9A2F-5E8F0F6D9C11}.Release|x64.ActiveCfg = Release|Any CPU
		{5A2E7F0E-4B5C-4F3E-9A2F-5E8F0F6D9C11}.Release|x64.Build.0 = Release|Any CPU
		{5A2E7F0E-4B5C-4F3E-9A2F-5E8F0F6D9C11}.Release|x86.ActiveCfg = Release|Any CPU
		{5A2E7F0E-4B5C-4F3E-9A2F-5E8F0F6D9C11}.Release|x86.Build.0 = Release|Any CPU
		{E1B2A5D4-6F5A-4F0C-A3B7-2CD3D0A4B111}.Debug|Any CPU.ActiveCfg = Debug|Any CPU
		{E1B2A5D4-6F5A-4F0C-A3B7-2CD3D0A4B111}.Debug|Any CPU.Build.0 = Debug|Any CPU
		{E1B2A5D4-6F5A-4F0C-A3B7-2CD3D0A4B111}.Debug|x64.ActiveCfg = Debug|Any CPU
		{E1B2A5D4-6F5A-4F0C-A3B7-2CD3D0A4B111}.Debug|x64.Build.0 = Debug|Any CPU
		{E1B2A5D4-6F5A-4F0C-A3B7-2CD3D0A4B111}.Debug|x86.ActiveCfg = Debug|Any CPU
		{E1B2A5D4-6F5A-4F0C-A3B7-2CD3D0A4B111}.Debug|x86.Build.0 = Debug|Any CPU
		{E1B2A5D4-6F5A-4F0C-A3B7-2CD3D0A4B111}.Release|Any CPU.ActiveCfg = Release|Any CPU
		{E1B2A5D4-6F5A-4F0C-A3B7-2CD3D0A4B111}.Release|Any CPU.Build.0 = Release|Any CPU
		{E1B2A5D4-6F5A-4F0C-A3B7-2CD3D0A4B111}.Release|x64.ActiveCfg = Release|Any CPU
		{E1B2A5D4-6F5A-4F0C-A3B7-2CD3D0A4B111}.Release|x64.Build.0 = Release|Any CPU
		{E1B2A5D4-6F5A-4F0C-A3B7-2CD3D0A4B111}.Release|x86.ActiveCfg = Release|Any CPU
		{E1B2A5D4-6F5A-4F0C-A3B7-2CD3D0A4B111}.Release|x86.Build.0 = Release|Any CPU
		{1BE303CB-1DBB-4ACE-93F5-FB006F95A55E}.Debug|Any CPU.ActiveCfg = Debug|Any CPU
		{1BE303CB-1DBB-4ACE-93F5-FB006F95A55E}.Debug|Any CPU.Build.0 = Debug|Any CPU
		{1BE303CB-1DBB-4ACE-93F5-FB006F95A55E}.Debug|x64.ActiveCfg = Debug|Any CPU
		{1BE303CB-1DBB-4ACE-93F5-FB006F95A55E}.Debug|x64.Build.0 = Debug|Any CPU
		{1BE303CB-1DBB-4ACE-93F5-FB006F95A55E}.Debug|x86.ActiveCfg = Debug|Any CPU
		{1BE303CB-1DBB-4ACE-93F5-FB006F95A55E}.Debug|x86.Build.0 = Debug|Any CPU
		{1BE303CB-1DBB-4ACE-93F5-FB006F95A55E}.Release|Any CPU.ActiveCfg = Release|Any CPU
		{1BE303CB-1DBB-4ACE-93F5-FB006F95A55E}.Release|Any CPU.Build.0 = Release|Any CPU
		{1BE303CB-1DBB-4ACE-93F5-FB006F95A55E}.Release|x64.ActiveCfg = Release|Any CPU
		{1BE303CB-1DBB-4ACE-93F5-FB006F95A55E}.Release|x64.Build.0 = Release|Any CPU
		{1BE303CB-1DBB-4ACE-93F5-FB006F95A55E}.Release|x86.ActiveCfg = Release|Any CPU
		{1BE303CB-1DBB-4ACE-93F5-FB006F95A55E}.Release|x86.Build.0 = Release|Any CPU
		{66CC49EC-7747-48FA-8D54-DDECFDCC5DC0}.Debug|Any CPU.ActiveCfg = Debug|Any CPU
		{66CC49EC-7747-48FA-8D54-DDECFDCC5DC0}.Debug|Any CPU.Build.0 = Debug|Any CPU
		{66CC49EC-7747-48FA-8D54-DDECFDCC5DC0}.Debug|x64.ActiveCfg = Debug|Any CPU
		{66CC49EC-7747-48FA-8D54-DDECFDCC5DC0}.Debug|x64.Build.0 = Debug|Any CPU
		{66CC49EC-7747-48FA-8D54-DDECFDCC5DC0}.Debug|x86.ActiveCfg = Debug|Any CPU
		{66CC49EC-7747-48FA-8D54-DDECFDCC5DC0}.Debug|x86.Build.0 = Debug|Any CPU
		{66CC49EC-7747-48FA-8D54-DDECFDCC5DC0}.Release|Any CPU.ActiveCfg = Release|Any CPU
		{66CC49EC-7747-48FA-8D54-DDECFDCC5DC0}.Release|Any CPU.Build.0 = Release|Any CPU
		{66CC49EC-7747-48FA-8D54-DDECFDCC5DC0}.Release|x64.ActiveCfg = Release|Any CPU
		{66CC49EC-7747-48FA-8D54-DDECFDCC5DC0}.Release|x64.Build.0 = Release|Any CPU
		{66CC49EC-7747-48FA-8D54-DDECFDCC5DC0}.Release|x86.ActiveCfg = Release|Any CPU
		{66CC49EC-7747-48FA-8D54-DDECFDCC5DC0}.Release|x86.Build.0 = Release|Any CPU
		{E1B30D44-8556-48A9-ADCF-8C9E0883925E}.Debug|Any CPU.ActiveCfg = Debug|Any CPU
		{E1B30D44-8556-48A9-ADCF-8C9E0883925E}.Debug|Any CPU.Build.0 = Debug|Any CPU
		{E1B30D44-8556-48A9-ADCF-8C9E0883925E}.Debug|x64.ActiveCfg = Debug|Any CPU
		{E1B30D44-8556-48A9-ADCF-8C9E0883925E}.Debug|x64.Build.0 = Debug|Any CPU
		{E1B30D44-8556-48A9-ADCF-8C9E0883925E}.Debug|x86.ActiveCfg = Debug|Any CPU
		{E1B30D44-8556-48A9-ADCF-8C9E0883925E}.Debug|x86.Build.0 = Debug|Any CPU
		{E1B30D44-8556-48A9-ADCF-8C9E0883925E}.Release|Any CPU.ActiveCfg = Release|Any CPU
		{E1B30D44-8556-48A9-ADCF-8C9E0883925E}.Release|Any CPU.Build.0 = Release|Any CPU
		{E1B30D44-8556-48A9-ADCF-8C9E0883925E}.Release|x64.ActiveCfg = Release|Any CPU
		{E1B30D44-8556-48A9-ADCF-8C9E0883925E}.Release|x64.Build.0 = Release|Any CPU
		{E1B30D44-8556-48A9-ADCF-8C9E0883925E}.Release|x86.ActiveCfg = Release|Any CPU
		{E1B30D44-8556-48A9-ADCF-8C9E0883925E}.Release|x86.Build.0 = Release|Any CPU
		{9DE9FE8B-92B1-4935-8FD1-D487FC5CDD16}.Debug|Any CPU.ActiveCfg = Debug|Any CPU
		{9DE9FE8B-92B1-4935-8FD1-D487FC5CDD16}.Debug|Any CPU.Build.0 = Debug|Any CPU
		{9DE9FE8B-92B1-4935-8FD1-D487FC5CDD16}.Debug|x64.ActiveCfg = Debug|Any CPU
		{9DE9FE8B-92B1-4935-8FD1-D487FC5CDD16}.Debug|x64.Build.0 = Debug|Any CPU
		{9DE9FE8B-92B1-4935-8FD1-D487FC5CDD16}.Debug|x86.ActiveCfg = Debug|Any CPU
		{9DE9FE8B-92B1-4935-8FD1-D487FC5CDD16}.Debug|x86.Build.0 = Debug|Any CPU
		{9DE9FE8B-92B1-4935-8FD1-D487FC5CDD16}.Release|Any CPU.ActiveCfg = Release|Any CPU
		{9DE9FE8B-92B1-4935-8FD1-D487FC5CDD16}.Release|Any CPU.Build.0 = Release|Any CPU
		{9DE9FE8B-92B1-4935-8FD1-D487FC5CDD16}.Release|x64.ActiveCfg = Release|Any CPU
		{9DE9FE8B-92B1-4935-8FD1-D487FC5CDD16}.Release|x64.Build.0 = Release|Any CPU
		{9DE9FE8B-92B1-4935-8FD1-D487FC5CDD16}.Release|x86.ActiveCfg = Release|Any CPU
		{9DE9FE8B-92B1-4935-8FD1-D487FC5CDD16}.Release|x86.Build.0 = Release|Any CPU
		{A6856EBA-6E6D-4660-A401-B4E07AED1134}.Debug|Any CPU.ActiveCfg = Debug|Any CPU
		{A6856EBA-6E6D-4660-A401-B4E07AED1134}.Debug|Any CPU.Build.0 = Debug|Any CPU
		{A6856EBA-6E6D-4660-A401-B4E07AED1134}.Debug|x64.ActiveCfg = Debug|Any CPU
		{A6856EBA-6E6D-4660-A401-B4E07AED1134}.Debug|x64.Build.0 = Debug|Any CPU
		{A6856EBA-6E6D-4660-A401-B4E07AED1134}.Debug|x86.ActiveCfg = Debug|Any CPU
		{A6856EBA-6E6D-4660-A401-B4E07AED1134}.Debug|x86.Build.0 = Debug|Any CPU
		{A6856EBA-6E6D-4660-A401-B4E07AED1134}.Release|Any CPU.ActiveCfg = Release|Any CPU
		{A6856EBA-6E6D-4660-A401-B4E07AED1134}.Release|Any CPU.Build.0 = Release|Any CPU
		{A6856EBA-6E6D-4660-A401-B4E07AED1134}.Release|x64.ActiveCfg = Release|Any CPU
		{A6856EBA-6E6D-4660-A401-B4E07AED1134}.Release|x64.Build.0 = Release|Any CPU
		{A6856EBA-6E6D-4660-A401-B4E07AED1134}.Release|x86.ActiveCfg = Release|Any CPU
		{A6856EBA-6E6D-4660-A401-B4E07AED1134}.Release|x86.Build.0 = Release|Any CPU
		{195D4AE1-90F8-4EA3-B850-3E2F2D8DCCB3}.Debug|Any CPU.ActiveCfg = Debug|Any CPU
		{195D4AE1-90F8-4EA3-B850-3E2F2D8DCCB3}.Debug|Any CPU.Build.0 = Debug|Any CPU
		{195D4AE1-90F8-4EA3-B850-3E2F2D8DCCB3}.Debug|x64.ActiveCfg = Debug|Any CPU
		{195D4AE1-90F8-4EA3-B850-3E2F2D8DCCB3}.Debug|x64.Build.0 = Debug|Any CPU
		{195D4AE1-90F8-4EA3-B850-3E2F2D8DCCB3}.Debug|x86.ActiveCfg = Debug|Any CPU
		{195D4AE1-90F8-4EA3-B850-3E2F2D8DCCB3}.Debug|x86.Build.0 = Debug|Any CPU
		{195D4AE1-90F8-4EA3-B850-3E2F2D8DCCB3}.Release|Any CPU.ActiveCfg = Release|Any CPU
		{195D4AE1-90F8-4EA3-B850-3E2F2D8DCCB3}.Release|Any CPU.Build.0 = Release|Any CPU
		{195D4AE1-90F8-4EA3-B850-3E2F2D8DCCB3}.Release|x64.ActiveCfg = Release|Any CPU
		{195D4AE1-90F8-4EA3-B850-3E2F2D8DCCB3}.Release|x64.Build.0 = Release|Any CPU
		{195D4AE1-90F8-4EA3-B850-3E2F2D8DCCB3}.Release|x86.ActiveCfg = Release|Any CPU
		{195D4AE1-90F8-4EA3-B850-3E2F2D8DCCB3}.Release|x86.Build.0 = Release|Any CPU
		{CB4CFD2A-5460-4A1D-9467-47198C35DF46}.Debug|Any CPU.ActiveCfg = Debug|Any CPU
		{CB4CFD2A-5460-4A1D-9467-47198C35DF46}.Debug|Any CPU.Build.0 = Debug|Any CPU
		{CB4CFD2A-5460-4A1D-9467-47198C35DF46}.Debug|x64.ActiveCfg = Debug|Any CPU
		{CB4CFD2A-5460-4A1D-9467-47198C35DF46}.Debug|x64.Build.0 = Debug|Any CPU
		{CB4CFD2A-5460-4A1D-9467-47198C35DF46}.Debug|x86.ActiveCfg = Debug|Any CPU
		{CB4CFD2A-5460-4A1D-9467-47198C35DF46}.Debug|x86.Build.0 = Debug|Any CPU
		{CB4CFD2A-5460-4A1D-9467-47198C35DF46}.Release|Any CPU.ActiveCfg = Release|Any CPU
		{CB4CFD2A-5460-4A1D-9467-47198C35DF46}.Release|Any CPU.Build.0 = Release|Any CPU
		{CB4CFD2A-5460-4A1D-9467-47198C35DF46}.Release|x64.ActiveCfg = Release|Any CPU
		{CB4CFD2A-5460-4A1D-9467-47198C35DF46}.Release|x64.Build.0 = Release|Any CPU
		{CB4CFD2A-5460-4A1D-9467-47198C35DF46}.Release|x86.ActiveCfg = Release|Any CPU
		{CB4CFD2A-5460-4A1D-9467-47198C35DF46}.Release|x86.Build.0 = Release|Any CPU
		{5C4D8203-3E3A-4B5B-9E5C-8D9B3E6F12A1}.Debug|Any CPU.ActiveCfg = Debug|Any CPU
		{5C4D8203-3E3A-4B5B-9E5C-8D9B3E6F12A1}.Debug|Any CPU.Build.0 = Debug|Any CPU
		{5C4D8203-3E3A-4B5B-9E5C-8D9B3E6F12A1}.Debug|x64.ActiveCfg = Debug|Any CPU
		{5C4D8203-3E3A-4B5B-9E5C-8D9B3E6F12A1}.Debug|x64.Build.0 = Debug|Any CPU
		{5C4D8203-3E3A-4B5B-9E5C-8D9B3E6F12A1}.Debug|x86.ActiveCfg = Debug|Any CPU
		{5C4D8203-3E3A-4B5B-9E5C-8D9B3E6F12A1}.Debug|x86.Build.0 = Debug|Any CPU
		{5C4D8203-3E3A-4B5B-9E5C-8D9B3E6F12A1}.Release|Any CPU.ActiveCfg = Release|Any CPU
		{5C4D8203-3E3A-4B5B-9E5C-8D9B3E6F12A1}.Release|Any CPU.Build.0 = Release|Any CPU
		{5C4D8203-3E3A-4B5B-9E5C-8D9B3E6F12A1}.Release|x64.ActiveCfg = Release|Any CPU
		{5C4D8203-3E3A-4B5B-9E5C-8D9B3E6F12A1}.Release|x64.Build.0 = Release|Any CPU
		{5C4D8203-3E3A-4B5B-9E5C-8D9B3E6F12A1}.Release|x86.ActiveCfg = Release|Any CPU
		{5C4D8203-3E3A-4B5B-9E5C-8D9B3E6F12A1}.Release|x86.Build.0 = Release|Any CPU
		{A1B2C3D4-5E6F-4071-8899-ABCDEF123401}.Debug|Any CPU.ActiveCfg = Debug|Any CPU
		{A1B2C3D4-5E6F-4071-8899-ABCDEF123401}.Debug|Any CPU.Build.0 = Debug|Any CPU
		{A1B2C3D4-5E6F-4071-8899-ABCDEF123401}.Debug|x64.ActiveCfg = Debug|Any CPU
		{A1B2C3D4-5E6F-4071-8899-ABCDEF123401}.Debug|x64.Build.0 = Debug|Any CPU
		{A1B2C3D4-5E6F-4071-8899-ABCDEF123401}.Debug|x86.ActiveCfg = Debug|Any CPU
		{A1B2C3D4-5E6F-4071-8899-ABCDEF123401}.Debug|x86.Build.0 = Debug|Any CPU
		{A1B2C3D4-5E6F-4071-8899-ABCDEF123401}.Release|Any CPU.ActiveCfg = Release|Any CPU
		{A1B2C3D4-5E6F-4071-8899-ABCDEF123401}.Release|Any CPU.Build.0 = Release|Any CPU
		{A1B2C3D4-5E6F-4071-8899-ABCDEF123401}.Release|x64.ActiveCfg = Release|Any CPU
		{A1B2C3D4-5E6F-4071-8899-ABCDEF123401}.Release|x64.Build.0 = Release|Any CPU
		{A1B2C3D4-5E6F-4071-8899-ABCDEF123401}.Release|x86.ActiveCfg = Release|Any CPU
		{A1B2C3D4-5E6F-4071-8899-ABCDEF123401}.Release|x86.Build.0 = Release|Any CPU
		{A1B2C3D4-5E6F-4071-8899-ABCDEF123402}.Debug|Any CPU.ActiveCfg = Debug|Any CPU
		{A1B2C3D4-5E6F-4071-8899-ABCDEF123402}.Debug|Any CPU.Build.0 = Debug|Any CPU
		{A1B2C3D4-5E6F-4071-8899-ABCDEF123402}.Debug|x64.ActiveCfg = Debug|Any CPU
		{A1B2C3D4-5E6F-4071-8899-ABCDEF123402}.Debug|x64.Build.0 = Debug|Any CPU
		{A1B2C3D4-5E6F-4071-8899-ABCDEF123402}.Debug|x86.ActiveCfg = Debug|Any CPU
		{A1B2C3D4-5E6F-4071-8899-ABCDEF123402}.Debug|x86.Build.0 = Debug|Any CPU
		{A1B2C3D4-5E6F-4071-8899-ABCDEF123402}.Release|Any CPU.ActiveCfg = Release|Any CPU
		{A1B2C3D4-5E6F-4071-8899-ABCDEF123402}.Release|Any CPU.Build.0 = Release|Any CPU
		{A1B2C3D4-5E6F-4071-8899-ABCDEF123402}.Release|x64.ActiveCfg = Release|Any CPU
		{A1B2C3D4-5E6F-4071-8899-ABCDEF123402}.Release|x64.Build.0 = Release|Any CPU
		{A1B2C3D4-5E6F-4071-8899-ABCDEF123402}.Release|x86.ActiveCfg = Release|Any CPU
		{A1B2C3D4-5E6F-4071-8899-ABCDEF123402}.Release|x86.Build.0 = Release|Any CPU
		{A1B2C3D4-5E6F-4071-8899-ABCDEF123403}.Debug|Any CPU.ActiveCfg = Debug|Any CPU
		{A1B2C3D4-5E6F-4071-8899-ABCDEF123403}.Debug|Any CPU.Build.0 = Debug|Any CPU
		{A1B2C3D4-5E6F-4071-8899-ABCDEF123403}.Debug|x64.ActiveCfg = Debug|Any CPU
		{A1B2C3D4-5E6F-4071-8899-ABCDEF123403}.Debug|x64.Build.0 = Debug|Any CPU
		{A1B2C3D4-5E6F-4071-8899-ABCDEF123403}.Debug|x86.ActiveCfg = Debug|Any CPU
		{A1B2C3D4-5E6F-4071-8899-ABCDEF123403}.Debug|x86.Build.0 = Debug|Any CPU
		{A1B2C3D4-5E6F-4071-8899-ABCDEF123403}.Release|Any CPU.ActiveCfg = Release|Any CPU
		{A1B2C3D4-5E6F-4071-8899-ABCDEF123403}.Release|Any CPU.Build.0 = Release|Any CPU
		{A1B2C3D4-5E6F-4071-8899-ABCDEF123403}.Release|x64.ActiveCfg = Release|Any CPU
		{A1B2C3D4-5E6F-4071-8899-ABCDEF123403}.Release|x64.Build.0 = Release|Any CPU
		{A1B2C3D4-5E6F-4071-8899-ABCDEF123403}.Release|x86.ActiveCfg = Release|Any CPU
		{A1B2C3D4-5E6F-4071-8899-ABCDEF123403}.Release|x86.Build.0 = Release|Any CPU
		{A1B2C3D4-5E6F-4071-8899-ABCDEF123404}.Debug|Any CPU.ActiveCfg = Debug|Any CPU
		{A1B2C3D4-5E6F-4071-8899-ABCDEF123404}.Debug|Any CPU.Build.0 = Debug|Any CPU
		{A1B2C3D4-5E6F-4071-8899-ABCDEF123404}.Debug|x64.ActiveCfg = Debug|Any CPU
		{A1B2C3D4-5E6F-4071-8899-ABCDEF123404}.Debug|x64.Build.0 = Debug|Any CPU
		{A1B2C3D4-5E6F-4071-8899-ABCDEF123404}.Debug|x86.ActiveCfg = Debug|Any CPU
		{A1B2C3D4-5E6F-4071-8899-ABCDEF123404}.Debug|x86.Build.0 = Debug|Any CPU
		{A1B2C3D4-5E6F-4071-8899-ABCDEF123404}.Release|Any CPU.ActiveCfg = Release|Any CPU
		{A1B2C3D4-5E6F-4071-8899-ABCDEF123404}.Release|Any CPU.Build.0 = Release|Any CPU
		{A1B2C3D4-5E6F-4071-8899-ABCDEF123404}.Release|x64.ActiveCfg = Release|Any CPU
		{A1B2C3D4-5E6F-4071-8899-ABCDEF123404}.Release|x64.Build.0 = Release|Any CPU
		{A1B2C3D4-5E6F-4071-8899-ABCDEF123404}.Release|x86.ActiveCfg = Release|Any CPU
		{A1B2C3D4-5E6F-4071-8899-ABCDEF123404}.Release|x86.Build.0 = Release|Any CPU
		{A1B2C3D4-5E6F-4071-8899-ABCDEF123405}.Debug|Any CPU.ActiveCfg = Debug|Any CPU
		{A1B2C3D4-5E6F-4071-8899-ABCDEF123405}.Debug|Any CPU.Build.0 = Debug|Any CPU
		{A1B2C3D4-5E6F-4071-8899-ABCDEF123405}.Debug|x64.ActiveCfg = Debug|Any CPU
		{A1B2C3D4-5E6F-4071-8899-ABCDEF123405}.Debug|x64.Build.0 = Debug|Any CPU
		{A1B2C3D4-5E6F-4071-8899-ABCDEF123405}.Debug|x86.ActiveCfg = Debug|Any CPU
		{A1B2C3D4-5E6F-4071-8899-ABCDEF123405}.Debug|x86.Build.0 = Debug|Any CPU
		{A1B2C3D4-5E6F-4071-8899-ABCDEF123405}.Release|Any CPU.ActiveCfg = Release|Any CPU
		{A1B2C3D4-5E6F-4071-8899-ABCDEF123405}.Release|Any CPU.Build.0 = Release|Any CPU
		{A1B2C3D4-5E6F-4071-8899-ABCDEF123405}.Release|x64.ActiveCfg = Release|Any CPU
		{A1B2C3D4-5E6F-4071-8899-ABCDEF123405}.Release|x64.Build.0 = Release|Any CPU
		{A1B2C3D4-5E6F-4071-8899-ABCDEF123405}.Release|x86.ActiveCfg = Release|Any CPU
		{A1B2C3D4-5E6F-4071-8899-ABCDEF123405}.Release|x86.Build.0 = Release|Any CPU
		{A1B2C3D4-5E6F-4071-8899-ABCDEF123406}.Debug|Any CPU.ActiveCfg = Debug|Any CPU
		{A1B2C3D4-5E6F-4071-8899-ABCDEF123406}.Debug|Any CPU.Build.0 = Debug|Any CPU
		{A1B2C3D4-5E6F-4071-8899-ABCDEF123406}.Debug|x64.ActiveCfg = Debug|Any CPU
		{A1B2C3D4-5E6F-4071-8899-ABCDEF123406}.Debug|x64.Build.0 = Debug|Any CPU
		{A1B2C3D4-5E6F-4071-8899-ABCDEF123406}.Debug|x86.ActiveCfg = Debug|Any CPU
		{A1B2C3D4-5E6F-4071-8899-ABCDEF123406}.Debug|x86.Build.0 = Debug|Any CPU
		{A1B2C3D4-5E6F-4071-8899-ABCDEF123406}.Release|Any CPU.ActiveCfg = Release|Any CPU
		{A1B2C3D4-5E6F-4071-8899-ABCDEF123406}.Release|Any CPU.Build.0 = Release|Any CPU
		{A1B2C3D4-5E6F-4071-8899-ABCDEF123406}.Release|x64.ActiveCfg = Release|Any CPU
		{A1B2C3D4-5E6F-4071-8899-ABCDEF123406}.Release|x64.Build.0 = Release|Any CPU
		{A1B2C3D4-5E6F-4071-8899-ABCDEF123406}.Release|x86.ActiveCfg = Release|Any CPU
		{A1B2C3D4-5E6F-4071-8899-ABCDEF123406}.Release|x86.Build.0 = Release|Any CPU
		{A1B2C3D4-5E6F-4071-8899-ABCDEF123407}.Debug|Any CPU.ActiveCfg = Debug|Any CPU
		{A1B2C3D4-5E6F-4071-8899-ABCDEF123407}.Debug|Any CPU.Build.0 = Debug|Any CPU
		{A1B2C3D4-5E6F-4071-8899-ABCDEF123407}.Debug|x64.ActiveCfg = Debug|Any CPU
		{A1B2C3D4-5E6F-4071-8899-ABCDEF123407}.Debug|x64.Build.0 = Debug|Any CPU
		{A1B2C3D4-5E6F-4071-8899-ABCDEF123407}.Debug|x86.ActiveCfg = Debug|Any CPU
		{A1B2C3D4-5E6F-4071-8899-ABCDEF123407}.Debug|x86.Build.0 = Debug|Any CPU
		{A1B2C3D4-5E6F-4071-8899-ABCDEF123407}.Release|Any CPU.ActiveCfg = Release|Any CPU
		{A1B2C3D4-5E6F-4071-8899-ABCDEF123407}.Release|Any CPU.Build.0 = Release|Any CPU
		{A1B2C3D4-5E6F-4071-8899-ABCDEF123407}.Release|x64.ActiveCfg = Release|Any CPU
		{A1B2C3D4-5E6F-4071-8899-ABCDEF123407}.Release|x64.Build.0 = Release|Any CPU
		{A1B2C3D4-5E6F-4071-8899-ABCDEF123407}.Release|x86.ActiveCfg = Release|Any CPU
		{A1B2C3D4-5E6F-4071-8899-ABCDEF123407}.Release|x86.Build.0 = Release|Any CPU
	EndGlobalSection
	GlobalSection(SolutionProperties) = preSolution
		HideSolutionNode = FALSE
	EndGlobalSection
	GlobalSection(NestedProjects) = preSolution
		{270F7A58-C097-D64B-0343-582534E94D4F} = {1787FE1D-075E-9E68-7218-25F1BD1BBEAB}
		{AF89FD7D-0656-4DFB-ADEF-E8D284CF0EF8} = {270F7A58-C097-D64B-0343-582534E94D4F}
		{5A2E7F0E-4B5C-4F3E-9A2F-5E8F0F6D9C11} = {CA253913-39DE-BFD0-C9A3-4B7EC6FBDF17}
		{E1B2A5D4-6F5A-4F0C-A3B7-2CD3D0A4B111} = {CA253913-39DE-BFD0-C9A3-4B7EC6FBDF17}
		{1BE303CB-1DBB-4ACE-93F5-FB006F95A55E} = {3EEA4A63-DD7B-CA5F-6D13-0117C17D5332}
		{66CC49EC-7747-48FA-8D54-DDECFDCC5DC0} = {3EEA4A63-DD7B-CA5F-6D13-0117C17D5332}
		{E1B30D44-8556-48A9-ADCF-8C9E0883925E} = {3EEA4A63-DD7B-CA5F-6D13-0117C17D5332}
		{9DE9FE8B-92B1-4935-8FD1-D487FC5CDD16} = {3EEA4A63-DD7B-CA5F-6D13-0117C17D5332}
		{A6856EBA-6E6D-4660-A401-B4E07AED1134} = {3EEA4A63-DD7B-CA5F-6D13-0117C17D5332}
		{195D4AE1-90F8-4EA3-B850-3E2F2D8DCCB3} = {3EEA4A63-DD7B-CA5F-6D13-0117C17D5332}
		{CB4CFD2A-5460-4A1D-9467-47198C35DF46} = {270F7A58-C097-D64B-0343-582534E94D4F}
		{5C4D8203-3E3A-4B5B-9E5C-8D9B3E6F12A1} = {CA253913-39DE-BFD0-C9A3-4B7EC6FBDF17}
		{A1B2C3D4-5E6F-4071-8899-ABCDEF123401} = {CA253913-39DE-BFD0-C9A3-4B7EC6FBDF17}
		{A1B2C3D4-5E6F-4071-8899-ABCDEF123402} = {CA253913-39DE-BFD0-C9A3-4B7EC6FBDF17}
		{A1B2C3D4-5E6F-4071-8899-ABCDEF123403} = {CA253913-39DE-BFD0-C9A3-4B7EC6FBDF17}
		{A1B2C3D4-5E6F-4071-8899-ABCDEF123404} = {CA253913-39DE-BFD0-C9A3-4B7EC6FBDF17}
		{A1B2C3D4-5E6F-4071-8899-ABCDEF123405} = {CA253913-39DE-BFD0-C9A3-4B7EC6FBDF17}
		{A1B2C3D4-5E6F-4071-8899-ABCDEF123406} = {CA253913-39DE-BFD0-C9A3-4B7EC6FBDF17}
		{A1B2C3D4-5E6F-4071-8899-ABCDEF123407} = {CA253913-39DE-BFD0-C9A3-4B7EC6FBDF17}
	EndGlobalSection
EndGlobal
